// !$*UTF8*$!
{
	archiveVersion = 1;
	classes = {
	};
	objectVersion = 50;
	objects = {

/* Begin PBXBuildFile section */
		5033A87B234FC73F008E4364 /* student.cpp in Sources */ = {isa = PBXBuildFile; fileRef = 5033A871234FC73F008E4364 /* student.cpp */; };
		5033A87C234FC73F008E4364 /* networkStudent.cpp in Sources */ = {isa = PBXBuildFile; fileRef = 5033A872234FC73F008E4364 /* networkStudent.cpp */; };
		5033A87D234FC73F008E4364 /* softwareStudent.cpp in Sources */ = {isa = PBXBuildFile; fileRef = 5033A876234FC73F008E4364 /* softwareStudent.cpp */; };
		5033A87E234FC73F008E4364 /* roster.cpp in Sources */ = {isa = PBXBuildFile; fileRef = 5033A879234FC73F008E4364 /* roster.cpp */; };
		5033A87F234FC73F008E4364 /* securityStudent.cpp in Sources */ = {isa = PBXBuildFile; fileRef = 5033A87A234FC73F008E4364 /* securityStudent.cpp */; };
/* End PBXBuildFile section */

/* Begin PBXCopyFilesBuildPhase section */
		5033A864234FC72D008E4364 /* CopyFiles */ = {
			isa = PBXCopyFilesBuildPhase;
			buildActionMask = 2147483647;
			dstPath = /usr/share/man/man1/;
			dstSubfolderSpec = 0;
			files = (
			);
			runOnlyForDeploymentPostprocessing = 1;
		};
/* End PBXCopyFilesBuildPhase section */

/* Begin PBXFileReference section */
		5033A866234FC72D008E4364 /* class-roster */ = {isa = PBXFileReference; explicitFileType = "compiled.mach-o.executable"; includeInIndex = 0; path = "class-roster"; sourceTree = BUILT_PRODUCTS_DIR; };
		5033A870234FC73F008E4364 /* securityStudent.h */ = {isa = PBXFileReference; fileEncoding = 4; lastKnownFileType = sourcecode.c.h; name = securityStudent.h; path = ../securityStudent.h; sourceTree = "<group>"; };
		5033A871234FC73F008E4364 /* student.cpp */ = {isa = PBXFileReference; fileEncoding = 4; lastKnownFileType = sourcecode.cpp.cpp; name = student.cpp; path = ../student.cpp; sourceTree = "<group>"; };
		5033A872234FC73F008E4364 /* networkStudent.cpp */ = {isa = PBXFileReference; fileEncoding = 4; lastKnownFileType = sourcecode.cpp.cpp; name = networkStudent.cpp; path = ../networkStudent.cpp; sourceTree = "<group>"; };
		5033A873234FC73F008E4364 /* student.h */ = {isa = PBXFileReference; fileEncoding = 4; lastKnownFileType = sourcecode.c.h; name = student.h; path = ../student.h; sourceTree = "<group>"; };
		5033A874234FC73F008E4364 /* degree.h */ = {isa = PBXFileReference; fileEncoding = 4; lastKnownFileType = sourcecode.c.h; name = degree.h; path = ../degree.h; sourceTree = "<group>"; };
		5033A875234FC73F008E4364 /* roster.h */ = {isa = PBXFileReference; fileEncoding = 4; lastKnownFileType = sourcecode.c.h; name = roster.h; path = ../roster.h; sourceTree = "<group>"; };
		5033A876234FC73F008E4364 /* softwareStudent.cpp */ = {isa = PBXFileReference; fileEncoding = 4; lastKnownFileType = sourcecode.cpp.cpp; name = softwareStudent.cpp; path = ../softwareStudent.cpp; sourceTree = "<group>"; };
		5033A877234FC73F008E4364 /* softwareStudent.h */ = {isa = PBXFileReference; fileEncoding = 4; lastKnownFileType = sourcecode.c.h; name = softwareStudent.h; path = ../softwareStudent.h; sourceTree = "<group>"; };
		5033A878234FC73F008E4364 /* networkStudent.h */ = {isa = PBXFileReference; fileEncoding = 4; lastKnownFileType = sourcecode.c.h; name = networkStudent.h; path = ../networkStudent.h; sourceTree = "<group>"; };
		5033A879234FC73F008E4364 /* roster.cpp */ = {isa = PBXFileReference; fileEncoding = 4; lastKnownFileType = sourcecode.cpp.cpp; name = roster.cpp; path = ../roster.cpp; sourceTree = "<group>"; };
		5033A87A234FC73F008E4364 /* securityStudent.cpp */ = {isa = PBXFileReference; fileEncoding = 4; lastKnownFileType = sourcecode.cpp.cpp; name = securityStudent.cpp; path = ../securityStudent.cpp; sourceTree = "<group>"; };
/* End PBXFileReference section */

/* Begin PBXFrameworksBuildPhase section */
		5033A863234FC72D008E4364 /* Frameworks */ = {
			isa = PBXFrameworksBuildPhase;
			buildActionMask = 2147483647;
			files = (
			);
			runOnlyForDeploymentPostprocessing = 0;
		};
/* End PBXFrameworksBuildPhase section */

/* Begin PBXGroup section */
		5033A85D234FC72D008E4364 = {
			isa = PBXGroup;
			children = (
				5033A874234FC73F008E4364 /* degree.h */,
				5033A872234FC73F008E4364 /* networkStudent.cpp */,
				5033A878234FC73F008E4364 /* networkStudent.h */,
				5033A879234FC73F008E4364 /* roster.cpp */,
				5033A875234FC73F008E4364 /* roster.h */,
				5033A87A234FC73F008E4364 /* securityStudent.cpp */,
				5033A870234FC73F008E4364 /* securityStudent.h */,
				5033A876234FC73F008E4364 /* softwareStudent.cpp */,
				5033A877234FC73F008E4364 /* softwareStudent.h */,
				5033A871234FC73F008E4364 /* student.cpp */,
				5033A873234FC73F008E4364 /* student.h */,
				5033A868234FC72D008E4364 /* class-roster */,
				5033A867234FC72D008E4364 /* Products */,
			);
			sourceTree = "<group>";
		};
		5033A867234FC72D008E4364 /* Products */ = {
			isa = PBXGroup;
			children = (
				5033A866234FC72D008E4364 /* class-roster */,
			);
			name = Products;
			sourceTree = "<group>";
		};
		5033A868234FC72D008E4364 /* class-roster */ = {
			isa = PBXGroup;
			children = (
			);
			path = "class-roster";
			sourceTree = "<group>";
		};
/* End PBXGroup section */

/* Begin PBXNativeTarget section */
		5033A865234FC72D008E4364 /* class-roster */ = {
			isa = PBXNativeTarget;
			buildConfigurationList = 5033A86D234FC72D008E4364 /* Build configuration list for PBXNativeTarget "class-roster" */;
			buildPhases = (
				5033A862234FC72D008E4364 /* Sources */,
				5033A863234FC72D008E4364 /* Frameworks */,
				5033A864234FC72D008E4364 /* CopyFiles */,
			);
			buildRules = (
			);
			dependencies = (
			);
			name = "class-roster";
			productName = "class-roster";
			productReference = 5033A866234FC72D008E4364 /* class-roster */;
			productType = "com.apple.product-type.tool";
		};
/* End PBXNativeTarget section */

/* Begin PBXProject section */
		5033A85E234FC72D008E4364 /* Project object */ = {
			isa = PBXProject;
			attributes = {
				LastUpgradeCheck = 1100;
				ORGANIZATIONNAME = "Olga Shiryaeva";
				TargetAttributes = {
					5033A865234FC72D008E4364 = {
						CreatedOnToolsVersion = 11.0;
					};
				};
			};
			buildConfigurationList = 5033A861234FC72D008E4364 /* Build configuration list for PBXProject "class-roster" */;
			compatibilityVersion = "Xcode 9.3";
			developmentRegion = en;
			hasScannedForEncodings = 0;
			knownRegions = (
				en,
				Base,
			);
			mainGroup = 5033A85D234FC72D008E4364;
			productRefGroup = 5033A867234FC72D008E4364 /* Products */;
			projectDirPath = "";
			projectRoot = "";
			targets = (
				5033A865234FC72D008E4364 /* class-roster */,
			);
		};
/* End PBXProject section */

/* Begin PBXSourcesBuildPhase section */
		5033A862234FC72D008E4364 /* Sources */ = {
			isa = PBXSourcesBuildPhase;
			buildActionMask = 2147483647;
			files = (
				5033A87E234FC73F008E4364 /* roster.cpp in Sources */,
				5033A87F234FC73F008E4364 /* securityStudent.cpp in Sources */,
				5033A87C234FC73F008E4364 /* networkStudent.cpp in Sources */,
				5033A87D234FC73F008E4364 /* softwareStudent.cpp in Sources */,
				5033A87B234FC73F008E4364 /* student.cpp in Sources */,
			);
			runOnlyForDeploymentPostprocessing = 0;
		};
/* End PBXSourcesBuildPhase section */

/* Begin XCBuildConfiguration section */
		5033A86B234FC72D008E4364 /* Debug */ = {
			isa = XCBuildConfiguration;
			buildSettings = {
				ALWAYS_SEARCH_USER_PATHS = NO;
				CLANG_ANALYZER_NONNULL = YES;
				CLANG_ANALYZER_NUMBER_OBJECT_CONVERSION = YES_AGGRESSIVE;
				CLANG_CXX_LANGUAGE_STANDARD = "gnu++14";
				CLANG_CXX_LIBRARY = "libc++";
				CLANG_ENABLE_MODULES = YES;
				CLANG_ENABLE_OBJC_ARC = YES;
				CLANG_ENABLE_OBJC_WEAK = YES;
				CLANG_WARN_BLOCK_CAPTURE_AUTORELEASING = YES;
				CLANG_WARN_BOOL_CONVERSION = YES;
				CLANG_WARN_COMMA = YES;
				CLANG_WARN_CONSTANT_CONVERSION = YES;
				CLANG_WARN_DEPRECATED_OBJC_IMPLEMENTATIONS = YES;
				CLANG_WARN_DIRECT_OBJC_ISA_USAGE = YES_ERROR;
				CLANG_WARN_DOCUMENTATION_COMMENTS = YES;
				CLANG_WARN_EMPTY_BODY = YES;
				CLANG_WARN_ENUM_CONVERSION = YES;
				CLANG_WARN_INFINITE_RECURSION = YES;
				CLANG_WARN_INT_CONVERSION = YES;
				CLANG_WARN_NON_LITERAL_NULL_CONVERSION = YES;
				CLANG_WARN_OBJC_IMPLICIT_RETAIN_SELF = YES;
				CLANG_WARN_OBJC_LITERAL_CONVERSION = YES;
				CLANG_WARN_OBJC_ROOT_CLASS = YES_ERROR;
				CLANG_WARN_RANGE_LOOP_ANALYSIS = YES;
				CLANG_WARN_STRICT_PROTOTYPES = YES;
				CLANG_WARN_SUSPICIOUS_MOVE = YES;
				CLANG_WARN_UNGUARDED_AVAILABILITY = YES_AGGRESSIVE;
				CLANG_WARN_UNREACHABLE_CODE = YES;
				CLANG_WARN__DUPLICATE_METHOD_MATCH = YES;
				COPY_PHASE_STRIP = NO;
				DEBUG_INFORMATION_FORMAT = dwarf;
				ENABLE_STRICT_OBJC_MSGSEND = YES;
				ENABLE_TESTABILITY = YES;
				GCC_C_LANGUAGE_STANDARD = gnu11;
				GCC_DYNAMIC_NO_PIC = NO;
				GCC_NO_COMMON_BLOCKS = YES;
				GCC_OPTIMIZATION_LEVEL = 0;
				GCC_PREPROCESSOR_DEFINITIONS = (
					"DEBUG=1",
					"$(inherited)",
				);
				GCC_WARN_64_TO_32_BIT_CONVERSION = YES;
				GCC_WARN_ABOUT_RETURN_TYPE = YES_ERROR;
				GCC_WARN_UNDECLARED_SELECTOR = YES;
				GCC_WARN_UNINITIALIZED_AUTOS = YES_AGGRESSIVE;
				GCC_WARN_UNUSED_FUNCTION = YES;
				GCC_WARN_UNUSED_VARIABLE = YES;
				MACOSX_DEPLOYMENT_TARGET = 10.14;
				MTL_ENABLE_DEBUG_INFO = INCLUDE_SOURCE;
				MTL_FAST_MATH = YES;
				ONLY_ACTIVE_ARCH = YES;
				SDKROOT = macosx;
			};
			name = Debug;
		};
		5033A86C234FC72D008E4364 /* Release */ = {
			isa = XCBuildConfiguration;
			buildSettings = {
				ALWAYS_SEARCH_USER_PATHS = NO;
				CLANG_ANALYZER_NONNULL = YES;
				CLANG_ANALYZER_NUMBER_OBJECT_CONVERSION = YES_AGGRESSIVE;
				CLANG_CXX_LANGUAGE_STANDARD = "gnu++14";
				CLANG_CXX_LIBRARY = "libc++";
				CLANG_ENABLE_MODULES = YES;
				CLANG_ENABLE_OBJC_ARC = YES;
				CLANG_ENABLE_OBJC_WEAK = YES;
				CLANG_WARN_BLOCK_CAPTURE_AUTORELEASING = YES;
				CLANG_WARN_BOOL_CONVERSION = YES;
				CLANG_WARN_COMMA = YES;
				CLANG_WARN_CONSTANT_CONVERSION = YES;
				CLANG_WARN_DEPRECATED_OBJC_IMPLEMENTATIONS = YES;
				CLANG_WARN_DIRECT_OBJC_ISA_USAGE = YES_ERROR;
				CLANG_WARN_DOCUMENTATION_COMMENTS = YES;
				CLANG_WARN_EMPTY_BODY = YES;
				CLANG_WARN_ENUM_CONVERSION = YES;
				CLANG_WARN_INFINITE_RECURSION = YES;
				CLANG_WARN_INT_CONVERSION = YES;
				CLANG_WARN_NON_LITERAL_NULL_CONVERSION = YES;
				CLANG_WARN_OBJC_IMPLICIT_RETAIN_SELF = YES;
				CLANG_WARN_OBJC_LITERAL_CONVERSION = YES;
				CLANG_WARN_OBJC_ROOT_CLASS = YES_ERROR;
				CLANG_WARN_RANGE_LOOP_ANALYSIS = YES;
				CLANG_WARN_STRICT_PROTOTYPES = YES;
				CLANG_WARN_SUSPICIOUS_MOVE = YES;
				CLANG_WARN_UNGUARDED_AVAILABILITY = YES_AGGRESSIVE;
				CLANG_WARN_UNREACHABLE_CODE = YES;
				CLANG_WARN__DUPLICATE_METHOD_MATCH = YES;
				COPY_PHASE_STRIP = NO;
				DEBUG_INFORMATION_FORMAT = "dwarf-with-dsym";
				ENABLE_NS_ASSERTIONS = NO;
				ENABLE_STRICT_OBJC_MSGSEND = YES;
				GCC_C_LANGUAGE_STANDARD = gnu11;
				GCC_NO_COMMON_BLOCKS = YES;
				GCC_WARN_64_TO_32_BIT_CONVERSION = YES;
				GCC_WARN_ABOUT_RETURN_TYPE = YES_ERROR;
				GCC_WARN_UNDECLARED_SELECTOR = YES;
				GCC_WARN_UNINITIALIZED_AUTOS = YES_AGGRESSIVE;
				GCC_WARN_UNUSED_FUNCTION = YES;
				GCC_WARN_UNUSED_VARIABLE = YES;
				MACOSX_DEPLOYMENT_TARGET = 10.14;
				MTL_ENABLE_DEBUG_INFO = NO;
				MTL_FAST_MATH = YES;
				SDKROOT = macosx;
			};
			name = Release;
		};
		5033A86E234FC72D008E4364 /* Debug */ = {
			isa = XCBuildConfiguration;
			buildSettings = {
				CODE_SIGN_STYLE = Automatic;
				PRODUCT_NAME = "$(TARGET_NAME)";
			};
			name = Debug;
		};
		5033A86F234FC72D008E4364 /* Release */ = {
			isa = XCBuildConfiguration;
			buildSettings = {
				CODE_SIGN_STYLE = Automatic;
				PRODUCT_NAME = "$(TARGET_NAME)";
			};
			name = Release;
		};
/* End XCBuildConfiguration section */

/* Begin XCConfigurationList section */
		5033A861234FC72D008E4364 /* Build configuration list for PBXProject "class-roster" */ = {
			isa = XCConfigurationList;
			buildConfigurations = (
				5033A86B234FC72D008E4364 /* Debug */,
				5033A86C234FC72D008E4364 /* Release */,
			);
			defaultConfigurationIsVisible = 0;
			defaultConfigurationName = Release;
		};
		5033A86D234FC72D008E4364 /* Build configuration list for PBXNativeTarget "class-roster" */ = {
			isa = XCConfigurationList;
			buildConfigurations = (
				5033A86E234FC72D008E4364 /* Debug */,
				5033A86F234FC72D008E4364 /* Release */,
			);
			defaultConfigurationIsVisible = 0;
			defaultConfigurationName = Release;
		};
/* End XCConfigurationList section */
	};
	rootObject = 5033A85E234FC72D008E4364 /* Project object */;
}
